// !$*UTF8*$!
{
	archiveVersion = 1;
	classes = {
	};
	objectVersion = 46;
	objects = {

/* Begin PBXBuildFile section */
		OBJ_51 /* R1Interval.swift in Sources */ = {isa = PBXBuildFile; fileRef = OBJ_9 /* R1Interval.swift */; };
		OBJ_52 /* R2Vector.swift in Sources */ = {isa = PBXBuildFile; fileRef = OBJ_10 /* R2Vector.swift */; };
		OBJ_53 /* S1Angle.swift in Sources */ = {isa = PBXBuildFile; fileRef = OBJ_11 /* S1Angle.swift */; };
		OBJ_54 /* S1Interval.swift in Sources */ = {isa = PBXBuildFile; fileRef = OBJ_12 /* S1Interval.swift */; };
		OBJ_55 /* S2.swift in Sources */ = {isa = PBXBuildFile; fileRef = OBJ_13 /* S2.swift */; };
		OBJ_56 /* S2AreaCentroid.swift in Sources */ = {isa = PBXBuildFile; fileRef = OBJ_14 /* S2AreaCentroid.swift */; };
		OBJ_57 /* S2Cap.swift in Sources */ = {isa = PBXBuildFile; fileRef = OBJ_15 /* S2Cap.swift */; };
		OBJ_58 /* S2Cell.swift in Sources */ = {isa = PBXBuildFile; fileRef = OBJ_16 /* S2Cell.swift */; };
		OBJ_59 /* S2CellId.swift in Sources */ = {isa = PBXBuildFile; fileRef = OBJ_17 /* S2CellId.swift */; };
		OBJ_60 /* S2CellUnion.swift in Sources */ = {isa = PBXBuildFile; fileRef = OBJ_18 /* S2CellUnion.swift */; };
		OBJ_61 /* S2Edge.swift in Sources */ = {isa = PBXBuildFile; fileRef = OBJ_19 /* S2Edge.swift */; };
		OBJ_62 /* S2EdgeIndex.swift in Sources */ = {isa = PBXBuildFile; fileRef = OBJ_20 /* S2EdgeIndex.swift */; };
		OBJ_63 /* S2EdgeUtil.swift in Sources */ = {isa = PBXBuildFile; fileRef = OBJ_21 /* S2EdgeUtil.swift */; };
		OBJ_64 /* S2LatLng.swift in Sources */ = {isa = PBXBuildFile; fileRef = OBJ_22 /* S2LatLng.swift */; };
		OBJ_65 /* S2LatLngRect.swift in Sources */ = {isa = PBXBuildFile; fileRef = OBJ_23 /* S2LatLngRect.swift */; };
		OBJ_66 /* S2Loop.swift in Sources */ = {isa = PBXBuildFile; fileRef = OBJ_24 /* S2Loop.swift */; };
		OBJ_67 /* S2Point.swift in Sources */ = {isa = PBXBuildFile; fileRef = OBJ_25 /* S2Point.swift */; };
		OBJ_68 /* S2Polygon.swift in Sources */ = {isa = PBXBuildFile; fileRef = OBJ_26 /* S2Polygon.swift */; };
		OBJ_69 /* S2PolygonBuilder.swift in Sources */ = {isa = PBXBuildFile; fileRef = OBJ_27 /* S2PolygonBuilder.swift */; };
		OBJ_70 /* S2Polyline.swift in Sources */ = {isa = PBXBuildFile; fileRef = OBJ_28 /* S2Polyline.swift */; };
		OBJ_71 /* S2Projections.swift in Sources */ = {isa = PBXBuildFile; fileRef = OBJ_29 /* S2Projections.swift */; };
		OBJ_72 /* S2Region.swift in Sources */ = {isa = PBXBuildFile; fileRef = OBJ_30 /* S2Region.swift */; };
		OBJ_73 /* S2RegionCoverer.swift in Sources */ = {isa = PBXBuildFile; fileRef = OBJ_31 /* S2RegionCoverer.swift */; };
		OBJ_80 /* R1IntervalTests.swift in Sources */ = {isa = PBXBuildFile; fileRef = OBJ_34 /* R1IntervalTests.swift */; };
		OBJ_81 /* S1AngleTests.swift in Sources */ = {isa = PBXBuildFile; fileRef = OBJ_35 /* S1AngleTests.swift */; };
		OBJ_82 /* S1IntervalTests.swift in Sources */ = {isa = PBXBuildFile; fileRef = OBJ_36 /* S1IntervalTests.swift */; };
		OBJ_83 /* S2CapTests.swift in Sources */ = {isa = PBXBuildFile; fileRef = OBJ_37 /* S2CapTests.swift */; };
		OBJ_84 /* S2CellIdTests.swift in Sources */ = {isa = PBXBuildFile; fileRef = OBJ_38 /* S2CellIdTests.swift */; };
		OBJ_85 /* S2CellTests.swift in Sources */ = {isa = PBXBuildFile; fileRef = OBJ_39 /* S2CellTests.swift */; };
		OBJ_86 /* S2LatLngTests.swift in Sources */ = {isa = PBXBuildFile; fileRef = OBJ_40 /* S2LatLngTests.swift */; };
		OBJ_87 /* S2LoopTests.swift in Sources */ = {isa = PBXBuildFile; fileRef = OBJ_41 /* S2LoopTests.swift */; };
		OBJ_88 /* Utilities.swift in Sources */ = {isa = PBXBuildFile; fileRef = OBJ_42 /* Utilities.swift */; };
		OBJ_90 /* S2Geometry.framework in Frameworks */ = {isa = PBXBuildFile; fileRef = OBJ_44 /* S2Geometry.framework */; };
/* End PBXBuildFile section */

/* Begin PBXContainerItemProxy section */
		AA0AE0B71E317DD000A624B3 /* PBXContainerItemProxy */ = {
			isa = PBXContainerItemProxy;
			containerPortal = OBJ_1 /* Project object */;
			proxyType = 1;
			remoteGlobalIDString = OBJ_46;
			remoteInfo = S2Geometry;
		};
/* End PBXContainerItemProxy section */

/* Begin PBXFileReference section */
		OBJ_10 /* R2Vector.swift */ = {isa = PBXFileReference; lastKnownFileType = sourcecode.swift; path = R2Vector.swift; sourceTree = "<group>"; };
		OBJ_11 /* S1Angle.swift */ = {isa = PBXFileReference; lastKnownFileType = sourcecode.swift; path = S1Angle.swift; sourceTree = "<group>"; };
		OBJ_12 /* S1Interval.swift */ = {isa = PBXFileReference; lastKnownFileType = sourcecode.swift; path = S1Interval.swift; sourceTree = "<group>"; };
		OBJ_13 /* S2.swift */ = {isa = PBXFileReference; lastKnownFileType = sourcecode.swift; path = S2.swift; sourceTree = "<group>"; };
		OBJ_14 /* S2AreaCentroid.swift */ = {isa = PBXFileReference; lastKnownFileType = sourcecode.swift; path = S2AreaCentroid.swift; sourceTree = "<group>"; };
		OBJ_15 /* S2Cap.swift */ = {isa = PBXFileReference; lastKnownFileType = sourcecode.swift; path = S2Cap.swift; sourceTree = "<group>"; };
		OBJ_16 /* S2Cell.swift */ = {isa = PBXFileReference; lastKnownFileType = sourcecode.swift; path = S2Cell.swift; sourceTree = "<group>"; };
		OBJ_17 /* S2CellId.swift */ = {isa = PBXFileReference; lastKnownFileType = sourcecode.swift; path = S2CellId.swift; sourceTree = "<group>"; };
		OBJ_18 /* S2CellUnion.swift */ = {isa = PBXFileReference; lastKnownFileType = sourcecode.swift; path = S2CellUnion.swift; sourceTree = "<group>"; };
		OBJ_19 /* S2Edge.swift */ = {isa = PBXFileReference; lastKnownFileType = sourcecode.swift; path = S2Edge.swift; sourceTree = "<group>"; };
		OBJ_20 /* S2EdgeIndex.swift */ = {isa = PBXFileReference; lastKnownFileType = sourcecode.swift; path = S2EdgeIndex.swift; sourceTree = "<group>"; };
		OBJ_21 /* S2EdgeUtil.swift */ = {isa = PBXFileReference; lastKnownFileType = sourcecode.swift; path = S2EdgeUtil.swift; sourceTree = "<group>"; };
		OBJ_22 /* S2LatLng.swift */ = {isa = PBXFileReference; lastKnownFileType = sourcecode.swift; path = S2LatLng.swift; sourceTree = "<group>"; };
		OBJ_23 /* S2LatLngRect.swift */ = {isa = PBXFileReference; lastKnownFileType = sourcecode.swift; path = S2LatLngRect.swift; sourceTree = "<group>"; };
		OBJ_24 /* S2Loop.swift */ = {isa = PBXFileReference; lastKnownFileType = sourcecode.swift; path = S2Loop.swift; sourceTree = "<group>"; };
		OBJ_25 /* S2Point.swift */ = {isa = PBXFileReference; lastKnownFileType = sourcecode.swift; path = S2Point.swift; sourceTree = "<group>"; };
		OBJ_26 /* S2Polygon.swift */ = {isa = PBXFileReference; lastKnownFileType = sourcecode.swift; path = S2Polygon.swift; sourceTree = "<group>"; };
		OBJ_27 /* S2PolygonBuilder.swift */ = {isa = PBXFileReference; lastKnownFileType = sourcecode.swift; path = S2PolygonBuilder.swift; sourceTree = "<group>"; };
		OBJ_28 /* S2Polyline.swift */ = {isa = PBXFileReference; lastKnownFileType = sourcecode.swift; path = S2Polyline.swift; sourceTree = "<group>"; };
		OBJ_29 /* S2Projections.swift */ = {isa = PBXFileReference; lastKnownFileType = sourcecode.swift; path = S2Projections.swift; sourceTree = "<group>"; };
		OBJ_30 /* S2Region.swift */ = {isa = PBXFileReference; lastKnownFileType = sourcecode.swift; path = S2Region.swift; sourceTree = "<group>"; };
		OBJ_31 /* S2RegionCoverer.swift */ = {isa = PBXFileReference; lastKnownFileType = sourcecode.swift; path = S2RegionCoverer.swift; sourceTree = "<group>"; };
		OBJ_34 /* R1IntervalTests.swift */ = {isa = PBXFileReference; lastKnownFileType = sourcecode.swift; path = R1IntervalTests.swift; sourceTree = "<group>"; };
		OBJ_35 /* S1AngleTests.swift */ = {isa = PBXFileReference; lastKnownFileType = sourcecode.swift; path = S1AngleTests.swift; sourceTree = "<group>"; };
		OBJ_36 /* S1IntervalTests.swift */ = {isa = PBXFileReference; lastKnownFileType = sourcecode.swift; path = S1IntervalTests.swift; sourceTree = "<group>"; };
		OBJ_37 /* S2CapTests.swift */ = {isa = PBXFileReference; lastKnownFileType = sourcecode.swift; path = S2CapTests.swift; sourceTree = "<group>"; };
		OBJ_38 /* S2CellIdTests.swift */ = {isa = PBXFileReference; lastKnownFileType = sourcecode.swift; path = S2CellIdTests.swift; sourceTree = "<group>"; };
		OBJ_39 /* S2CellTests.swift */ = {isa = PBXFileReference; lastKnownFileType = sourcecode.swift; path = S2CellTests.swift; sourceTree = "<group>"; };
		OBJ_40 /* S2LatLngTests.swift */ = {isa = PBXFileReference; lastKnownFileType = sourcecode.swift; path = S2LatLngTests.swift; sourceTree = "<group>"; };
		OBJ_41 /* S2LoopTests.swift */ = {isa = PBXFileReference; lastKnownFileType = sourcecode.swift; path = S2LoopTests.swift; sourceTree = "<group>"; };
		OBJ_42 /* Utilities.swift */ = {isa = PBXFileReference; lastKnownFileType = sourcecode.swift; path = Utilities.swift; sourceTree = "<group>"; };
		OBJ_44 /* S2Geometry.framework */ = {isa = PBXFileReference; explicitFileType = wrapper.framework; path = S2Geometry.framework; sourceTree = BUILT_PRODUCTS_DIR; };
		OBJ_45 /* S2GeometryTests.xctest */ = {isa = PBXFileReference; lastKnownFileType = file; path = S2GeometryTests.xctest; sourceTree = BUILT_PRODUCTS_DIR; };
		OBJ_6 /* Package.swift */ = {isa = PBXFileReference; explicitFileType = sourcecode.swift; path = Package.swift; sourceTree = "<group>"; };
		OBJ_9 /* R1Interval.swift */ = {isa = PBXFileReference; lastKnownFileType = sourcecode.swift; path = R1Interval.swift; sourceTree = "<group>"; };
/* End PBXFileReference section */

/* Begin PBXFrameworksBuildPhase section */
		OBJ_74 /* Frameworks */ = {
			isa = PBXFrameworksBuildPhase;
			buildActionMask = 0;
			files = (
			);
			runOnlyForDeploymentPostprocessing = 0;
		};
		OBJ_89 /* Frameworks */ = {
			isa = PBXFrameworksBuildPhase;
			buildActionMask = 0;
			files = (
				OBJ_90 /* S2Geometry.framework in Frameworks */,
			);
			runOnlyForDeploymentPostprocessing = 0;
		};
/* End PBXFrameworksBuildPhase section */

/* Begin PBXGroup section */
		OBJ_32 /* Tests */ = {
			isa = PBXGroup;
			children = (
				OBJ_33 /* S2GeometryTests */,
			);
			path = Tests;
			sourceTree = "<group>";
		};
		OBJ_33 /* S2GeometryTests */ = {
			isa = PBXGroup;
			children = (
				OBJ_34 /* R1IntervalTests.swift */,
				OBJ_35 /* S1AngleTests.swift */,
				OBJ_36 /* S1IntervalTests.swift */,
				OBJ_37 /* S2CapTests.swift */,
				OBJ_38 /* S2CellIdTests.swift */,
				OBJ_39 /* S2CellTests.swift */,
				OBJ_40 /* S2LatLngTests.swift */,
				OBJ_41 /* S2LoopTests.swift */,
				OBJ_42 /* Utilities.swift */,
			);
			name = S2GeometryTests;
			path = Tests/S2GeometryTests;
			sourceTree = SOURCE_ROOT;
		};
		OBJ_43 /* Products */ = {
			isa = PBXGroup;
			children = (
				OBJ_44 /* S2Geometry.framework */,
				OBJ_45 /* S2GeometryTests.xctest */,
			);
			name = Products;
			sourceTree = BUILT_PRODUCTS_DIR;
		};
		OBJ_5 /*  */ = {
			isa = PBXGroup;
			children = (
				OBJ_6 /* Package.swift */,
				OBJ_7 /* Sources */,
				OBJ_32 /* Tests */,
				OBJ_43 /* Products */,
			);
			name = "";
			sourceTree = "<group>";
		};
		OBJ_7 /* Sources */ = {
			isa = PBXGroup;
			children = (
				OBJ_8 /* S2Geometry */,
			);
			path = Sources;
			sourceTree = "<group>";
		};
		OBJ_8 /* S2Geometry */ = {
			isa = PBXGroup;
			children = (
				OBJ_9 /* R1Interval.swift */,
				OBJ_10 /* R2Vector.swift */,
				OBJ_11 /* S1Angle.swift */,
				OBJ_12 /* S1Interval.swift */,
				OBJ_13 /* S2.swift */,
				OBJ_14 /* S2AreaCentroid.swift */,
				OBJ_15 /* S2Cap.swift */,
				OBJ_16 /* S2Cell.swift */,
				OBJ_17 /* S2CellId.swift */,
				OBJ_18 /* S2CellUnion.swift */,
				OBJ_19 /* S2Edge.swift */,
				OBJ_20 /* S2EdgeIndex.swift */,
				OBJ_21 /* S2EdgeUtil.swift */,
				OBJ_22 /* S2LatLng.swift */,
				OBJ_23 /* S2LatLngRect.swift */,
				OBJ_24 /* S2Loop.swift */,
				OBJ_25 /* S2Point.swift */,
				OBJ_26 /* S2Polygon.swift */,
				OBJ_27 /* S2PolygonBuilder.swift */,
				OBJ_28 /* S2Polyline.swift */,
				OBJ_29 /* S2Projections.swift */,
				OBJ_30 /* S2Region.swift */,
				OBJ_31 /* S2RegionCoverer.swift */,
			);
			name = S2Geometry;
			path = Sources;
			sourceTree = SOURCE_ROOT;
		};
/* End PBXGroup section */

/* Begin PBXNativeTarget section */
		OBJ_46 /* S2Geometry */ = {
			isa = PBXNativeTarget;
			buildConfigurationList = OBJ_47 /* Build configuration list for PBXNativeTarget "S2Geometry" */;
			buildPhases = (
				OBJ_50 /* Sources */,
				OBJ_74 /* Frameworks */,
			);
			buildRules = (
			);
			dependencies = (
			);
			name = S2Geometry;
			productName = S2Geometry;
			productReference = OBJ_44 /* S2Geometry.framework */;
			productType = "com.apple.product-type.framework";
		};
		OBJ_75 /* S2GeometryTests */ = {
			isa = PBXNativeTarget;
			buildConfigurationList = OBJ_76 /* Build configuration list for PBXNativeTarget "S2GeometryTests" */;
			buildPhases = (
				OBJ_79 /* Sources */,
				OBJ_89 /* Frameworks */,
			);
			buildRules = (
			);
			dependencies = (
				OBJ_91 /* PBXTargetDependency */,
			);
			name = S2GeometryTests;
			productName = S2GeometryTests;
			productReference = OBJ_45 /* S2GeometryTests.xctest */;
			productType = "com.apple.product-type.bundle.unit-test";
		};
/* End PBXNativeTarget section */

/* Begin PBXProject section */
		OBJ_1 /* Project object */ = {
			isa = PBXProject;
			attributes = {
				LastUpgradeCheck = 9999;
			};
			buildConfigurationList = OBJ_2 /* Build configuration list for PBXProject "S2Geometry" */;
			compatibilityVersion = "Xcode 3.2";
			developmentRegion = English;
			hasScannedForEncodings = 0;
			knownRegions = (
				en,
			);
			mainGroup = OBJ_5 /*  */;
			productRefGroup = OBJ_43 /* Products */;
			projectDirPath = "";
			projectRoot = "";
			targets = (
				OBJ_46 /* S2Geometry */,
				OBJ_75 /* S2GeometryTests */,
			);
		};
/* End PBXProject section */

/* Begin PBXSourcesBuildPhase section */
		OBJ_50 /* Sources */ = {
			isa = PBXSourcesBuildPhase;
			buildActionMask = 0;
			files = (
				OBJ_51 /* R1Interval.swift in Sources */,
				OBJ_52 /* R2Vector.swift in Sources */,
				OBJ_53 /* S1Angle.swift in Sources */,
				OBJ_54 /* S1Interval.swift in Sources */,
				OBJ_55 /* S2.swift in Sources */,
				OBJ_56 /* S2AreaCentroid.swift in Sources */,
				OBJ_57 /* S2Cap.swift in Sources */,
				OBJ_58 /* S2Cell.swift in Sources */,
				OBJ_59 /* S2CellId.swift in Sources */,
				OBJ_60 /* S2CellUnion.swift in Sources */,
				OBJ_61 /* S2Edge.swift in Sources */,
				OBJ_62 /* S2EdgeIndex.swift in Sources */,
				OBJ_63 /* S2EdgeUtil.swift in Sources */,
				OBJ_64 /* S2LatLng.swift in Sources */,
				OBJ_65 /* S2LatLngRect.swift in Sources */,
				OBJ_66 /* S2Loop.swift in Sources */,
				OBJ_67 /* S2Point.swift in Sources */,
				OBJ_68 /* S2Polygon.swift in Sources */,
				OBJ_69 /* S2PolygonBuilder.swift in Sources */,
				OBJ_70 /* S2Polyline.swift in Sources */,
				OBJ_71 /* S2Projections.swift in Sources */,
				OBJ_72 /* S2Region.swift in Sources */,
				OBJ_73 /* S2RegionCoverer.swift in Sources */,
			);
			runOnlyForDeploymentPostprocessing = 0;
		};
		OBJ_79 /* Sources */ = {
			isa = PBXSourcesBuildPhase;
			buildActionMask = 0;
			files = (
				OBJ_80 /* R1IntervalTests.swift in Sources */,
				OBJ_81 /* S1AngleTests.swift in Sources */,
				OBJ_82 /* S1IntervalTests.swift in Sources */,
				OBJ_83 /* S2CapTests.swift in Sources */,
				OBJ_84 /* S2CellIdTests.swift in Sources */,
				OBJ_85 /* S2CellTests.swift in Sources */,
				OBJ_86 /* S2LatLngTests.swift in Sources */,
				OBJ_87 /* S2LoopTests.swift in Sources */,
				OBJ_88 /* Utilities.swift in Sources */,
			);
			runOnlyForDeploymentPostprocessing = 0;
		};
/* End PBXSourcesBuildPhase section */

/* Begin PBXTargetDependency section */
		OBJ_91 /* PBXTargetDependency */ = {
			isa = PBXTargetDependency;
			target = OBJ_46 /* S2Geometry */;
			targetProxy = AA0AE0B71E317DD000A624B3 /* PBXContainerItemProxy */;
		};
/* End PBXTargetDependency section */

/* Begin XCBuildConfiguration section */
		OBJ_3 /* Debug */ = {
			isa = XCBuildConfiguration;
			buildSettings = {
				COMBINE_HIDPI_IMAGES = YES;
				COPY_PHASE_STRIP = NO;
				DEBUG_INFORMATION_FORMAT = dwarf;
				DYLIB_INSTALL_NAME_BASE = "@rpath";
				ENABLE_NS_ASSERTIONS = YES;
				GCC_OPTIMIZATION_LEVEL = 0;
				MACOSX_DEPLOYMENT_TARGET = 10.10;
				ONLY_ACTIVE_ARCH = YES;
				OTHER_SWIFT_FLAGS = "-DXcode";
				PRODUCT_NAME = "$(TARGET_NAME)";
				SDKROOT = macosx;
				SUPPORTED_PLATFORMS = "macosx iphoneos iphonesimulator appletvos appletvsimulator watchos watchsimulator";
				SWIFT_ACTIVE_COMPILATION_CONDITIONS = SWIFT_PACKAGE;
				SWIFT_OPTIMIZATION_LEVEL = "-Onone";
				SWIFT_VERSION = 3.0;
				USE_HEADERMAP = NO;
			};
			name = Debug;
		};
		OBJ_4 /* Release */ = {
			isa = XCBuildConfiguration;
			buildSettings = {
				COMBINE_HIDPI_IMAGES = YES;
				COPY_PHASE_STRIP = YES;
				DEBUG_INFORMATION_FORMAT = "dwarf-with-dsym";
				DYLIB_INSTALL_NAME_BASE = "@rpath";
				GCC_OPTIMIZATION_LEVEL = s;
				MACOSX_DEPLOYMENT_TARGET = 10.10;
				OTHER_SWIFT_FLAGS = "-DXcode";
				PRODUCT_NAME = "$(TARGET_NAME)";
				SDKROOT = macosx;
				SUPPORTED_PLATFORMS = "macosx iphoneos iphonesimulator appletvos appletvsimulator watchos watchsimulator";
				SWIFT_ACTIVE_COMPILATION_CONDITIONS = SWIFT_PACKAGE;
				SWIFT_OPTIMIZATION_LEVEL = "-O";
				SWIFT_VERSION = 3.0;
				USE_HEADERMAP = NO;
			};
			name = Release;
		};
		OBJ_48 /* Debug */ = {
			isa = XCBuildConfiguration;
			buildSettings = {
				ENABLE_TESTABILITY = YES;
				FRAMEWORK_SEARCH_PATHS = (
					"$(inherited)",
					"$(PLATFORM_DIR)/Developer/Library/Frameworks",
				);
				HEADER_SEARCH_PATHS = "$(inherited)";
				INFOPLIST_FILE = S2Geometry.xcodeproj/S2Geometry_Info.plist;
				LD_RUNPATH_SEARCH_PATHS = "$(TOOLCHAIN_DIR)/usr/lib/swift/macosx";
				OTHER_LDFLAGS = "$(inherited)";
				OTHER_SWIFT_FLAGS = "$(inherited)";
				PRODUCT_BUNDLE_IDENTIFIER = S2Geometry;
				PRODUCT_MODULE_NAME = "$(TARGET_NAME:c99extidentifier)";
				PRODUCT_NAME = "$(TARGET_NAME:c99extidentifier)";
				TARGET_NAME = S2Geometry;
			};
			name = Debug;
		};
		OBJ_49 /* Release */ = {
			isa = XCBuildConfiguration;
			buildSettings = {
				ENABLE_TESTABILITY = YES;
				FRAMEWORK_SEARCH_PATHS = (
					"$(inherited)",
					"$(PLATFORM_DIR)/Developer/Library/Frameworks",
				);
				HEADER_SEARCH_PATHS = "$(inherited)";
				INFOPLIST_FILE = S2Geometry.xcodeproj/S2Geometry_Info.plist;
				LD_RUNPATH_SEARCH_PATHS = "$(TOOLCHAIN_DIR)/usr/lib/swift/macosx";
				OTHER_LDFLAGS = "$(inherited)";
				OTHER_SWIFT_FLAGS = "$(inherited)";
				PRODUCT_BUNDLE_IDENTIFIER = S2Geometry;
				PRODUCT_MODULE_NAME = "$(TARGET_NAME:c99extidentifier)";
				PRODUCT_NAME = "$(TARGET_NAME:c99extidentifier)";
				TARGET_NAME = S2Geometry;
			};
			name = Release;
		};
		OBJ_77 /* Debug */ = {
			isa = XCBuildConfiguration;
			buildSettings = {
				EMBEDDED_CONTENT_CONTAINS_SWIFT = YES;
				FRAMEWORK_SEARCH_PATHS = (
					"$(inherited)",
					"$(PLATFORM_DIR)/Developer/Library/Frameworks",
				);
				HEADER_SEARCH_PATHS = "$(inherited)";
				INFOPLIST_FILE = S2Geometry.xcodeproj/S2GeometryTests_Info.plist;
				LD_RUNPATH_SEARCH_PATHS = "@loader_path/../Frameworks";
				OTHER_LDFLAGS = "$(inherited)";
				OTHER_SWIFT_FLAGS = "$(inherited)";
				TARGET_NAME = S2GeometryTests;
			};
			name = Debug;
		};
		OBJ_78 /* Release */ = {
			isa = XCBuildConfiguration;
			buildSettings = {
				EMBEDDED_CONTENT_CONTAINS_SWIFT = YES;
				FRAMEWORK_SEARCH_PATHS = (
					"$(inherited)",
					"$(PLATFORM_DIR)/Developer/Library/Frameworks",
				);
				HEADER_SEARCH_PATHS = "$(inherited)";
				INFOPLIST_FILE = S2Geometry.xcodeproj/S2GeometryTests_Info.plist;
				LD_RUNPATH_SEARCH_PATHS = "@loader_path/../Frameworks";
				OTHER_LDFLAGS = "$(inherited)";
				OTHER_SWIFT_FLAGS = "$(inherited)";
				TARGET_NAME = S2GeometryTests;
			};
			name = Release;
		};
/* End XCBuildConfiguration section */

/* Begin XCConfigurationList section */
		OBJ_2 /* Build configuration list for PBXProject "S2Geometry" */ = {
			isa = XCConfigurationList;
			buildConfigurations = (
				OBJ_3 /* Debug */,
				OBJ_4 /* Release */,
			);
			defaultConfigurationIsVisible = 0;
			defaultConfigurationName = Debug;
		};
		OBJ_47 /* Build configuration list for PBXNativeTarget "S2Geometry" */ = {
			isa = XCConfigurationList;
			buildConfigurations = (
				OBJ_48 /* Debug */,
				OBJ_49 /* Release */,
			);
			defaultConfigurationIsVisible = 0;
			defaultConfigurationName = Debug;
		};
		OBJ_76 /* Build configuration list for PBXNativeTarget "S2GeometryTests" */ = {
			isa = XCConfigurationList;
			buildConfigurations = (
				OBJ_77 /* Debug */,
				OBJ_78 /* Release */,
			);
			defaultConfigurationIsVisible = 0;
			defaultConfigurationName = Debug;
		};
/* End XCConfigurationList section */
	};
	rootObject = OBJ_1 /* Project object */;
}
