// !$*UTF8*$!
{
	archiveVersion = 1;
	classes = {
	};
	objectVersion = 46;
	objects = {

/* Begin PBXBuildFile section */
		7750AE562022628A0008C02C /* R2Vector.swift in Sources */ = {isa = PBXBuildFile; fileRef = 7750AE3F202262880008C02C /* R2Vector.swift */; };
		7750AE592022628A0008C02C /* S2LatLngRect.swift in Sources */ = {isa = PBXBuildFile; fileRef = 7750AE42202262880008C02C /* S2LatLngRect.swift */; };
		7750AE5A2022628A0008C02C /* S1Angle.swift in Sources */ = {isa = PBXBuildFile; fileRef = 7750AE43202262880008C02C /* S1Angle.swift */; };
		7750AE5C2022628A0008C02C /* S2Region.swift in Sources */ = {isa = PBXBuildFile; fileRef = 7750AE45202262890008C02C /* S2Region.swift */; };
		7750AE5D2022628A0008C02C /* S2Cell.swift in Sources */ = {isa = PBXBuildFile; fileRef = 7750AE46202262890008C02C /* S2Cell.swift */; };
		7750AE5E2022628A0008C02C /* R1Interval.swift in Sources */ = {isa = PBXBuildFile; fileRef = 7750AE47202262890008C02C /* R1Interval.swift */; };
		7750AE5F2022628A0008C02C /* S2EdgeIndex.swift in Sources */ = {isa = PBXBuildFile; fileRef = 7750AE48202262890008C02C /* S2EdgeIndex.swift */; };
		7750AE612022628A0008C02C /* S2CellId.swift in Sources */ = {isa = PBXBuildFile; fileRef = 7750AE4A202262890008C02C /* S2CellId.swift */; };
		7750AE622022628A0008C02C /* S2.swift in Sources */ = {isa = PBXBuildFile; fileRef = 7750AE4B202262890008C02C /* S2.swift */; };
		7750AE632022628A0008C02C /* S2CellUnion.swift in Sources */ = {isa = PBXBuildFile; fileRef = 7750AE4C202262890008C02C /* S2CellUnion.swift */; };
		7750AE642022628A0008C02C /* S2Edge.swift in Sources */ = {isa = PBXBuildFile; fileRef = 7750AE4D202262890008C02C /* S2Edge.swift */; };
		7750AE652022628A0008C02C /* S2Cap.swift in Sources */ = {isa = PBXBuildFile; fileRef = 7750AE4E202262890008C02C /* S2Cap.swift */; };
		7750AE662022628A0008C02C /* S2EdgeUtil.swift in Sources */ = {isa = PBXBuildFile; fileRef = 7750AE4F202262890008C02C /* S2EdgeUtil.swift */; };
		7750AE672022628A0008C02C /* S2LatLng.swift in Sources */ = {isa = PBXBuildFile; fileRef = 7750AE50202262890008C02C /* S2LatLng.swift */; };
		7750AE682022628A0008C02C /* S2Loop.swift in Sources */ = {isa = PBXBuildFile; fileRef = 7750AE51202262890008C02C /* S2Loop.swift */; };
		7750AE692022628A0008C02C /* S2Point.swift in Sources */ = {isa = PBXBuildFile; fileRef = 7750AE52202262890008C02C /* S2Point.swift */; };
		7750AE6A2022628A0008C02C /* S1Interval.swift in Sources */ = {isa = PBXBuildFile; fileRef = 7750AE53202262890008C02C /* S1Interval.swift */; };
		7750AE6B2022628A0008C02C /* S2Projections.swift in Sources */ = {isa = PBXBuildFile; fileRef = 7750AE54202262890008C02C /* S2Projections.swift */; };
		7750AE6C2022628A0008C02C /* S2RegionCoverer.swift in Sources */ = {isa = PBXBuildFile; fileRef = 7750AE55202262890008C02C /* S2RegionCoverer.swift */; };
		OBJ_80 /* R1IntervalTests.swift in Sources */ = {isa = PBXBuildFile; fileRef = OBJ_34 /* R1IntervalTests.swift */; };
		OBJ_81 /* S1AngleTests.swift in Sources */ = {isa = PBXBuildFile; fileRef = OBJ_35 /* S1AngleTests.swift */; };
		OBJ_82 /* S1IntervalTests.swift in Sources */ = {isa = PBXBuildFile; fileRef = OBJ_36 /* S1IntervalTests.swift */; };
		OBJ_83 /* S2CapTests.swift in Sources */ = {isa = PBXBuildFile; fileRef = OBJ_37 /* S2CapTests.swift */; };
		OBJ_84 /* S2CellIdTests.swift in Sources */ = {isa = PBXBuildFile; fileRef = OBJ_38 /* S2CellIdTests.swift */; };
		OBJ_85 /* S2CellTests.swift in Sources */ = {isa = PBXBuildFile; fileRef = OBJ_39 /* S2CellTests.swift */; };
		OBJ_86 /* S2LatLngTests.swift in Sources */ = {isa = PBXBuildFile; fileRef = OBJ_40 /* S2LatLngTests.swift */; };
		OBJ_87 /* S2LoopTests.swift in Sources */ = {isa = PBXBuildFile; fileRef = OBJ_41 /* S2LoopTests.swift */; };
		OBJ_88 /* Utilities.swift in Sources */ = {isa = PBXBuildFile; fileRef = OBJ_42 /* Utilities.swift */; };
		OBJ_90 /* S2Geometry.framework in Frameworks */ = {isa = PBXBuildFile; fileRef = OBJ_44 /* S2Geometry.framework */; };
/* End PBXBuildFile section */

/* Begin PBXContainerItemProxy section */
		AA0AE0B71E317DD000A624B3 /* PBXContainerItemProxy */ = {
			isa = PBXContainerItemProxy;
			containerPortal = OBJ_1 /* Project object */;
			proxyType = 1;
			remoteGlobalIDString = OBJ_46;
			remoteInfo = S2Geometry;
		};
/* End PBXContainerItemProxy section */

/* Begin PBXFileReference section */
		7750AE3F202262880008C02C /* R2Vector.swift */ = {isa = PBXFileReference; fileEncoding = 4; lastKnownFileType = sourcecode.swift; name = R2Vector.swift; path = S2Geometry/R2Vector.swift; sourceTree = "<group>"; };
		7750AE42202262880008C02C /* S2LatLngRect.swift */ = {isa = PBXFileReference; fileEncoding = 4; lastKnownFileType = sourcecode.swift; name = S2LatLngRect.swift; path = S2Geometry/S2LatLngRect.swift; sourceTree = "<group>"; };
		7750AE43202262880008C02C /* S1Angle.swift */ = {isa = PBXFileReference; fileEncoding = 4; lastKnownFileType = sourcecode.swift; name = S1Angle.swift; path = S2Geometry/S1Angle.swift; sourceTree = "<group>"; };
		7750AE45202262890008C02C /* S2Region.swift */ = {isa = PBXFileReference; fileEncoding = 4; lastKnownFileType = sourcecode.swift; name = S2Region.swift; path = S2Geometry/S2Region.swift; sourceTree = "<group>"; };
		7750AE46202262890008C02C /* S2Cell.swift */ = {isa = PBXFileReference; fileEncoding = 4; lastKnownFileType = sourcecode.swift; name = S2Cell.swift; path = S2Geometry/S2Cell.swift; sourceTree = "<group>"; };
		7750AE47202262890008C02C /* R1Interval.swift */ = {isa = PBXFileReference; fileEncoding = 4; lastKnownFileType = sourcecode.swift; name = R1Interval.swift; path = S2Geometry/R1Interval.swift; sourceTree = "<group>"; };
		7750AE48202262890008C02C /* S2EdgeIndex.swift */ = {isa = PBXFileReference; fileEncoding = 4; lastKnownFileType = sourcecode.swift; name = S2EdgeIndex.swift; path = S2Geometry/S2EdgeIndex.swift; sourceTree = "<group>"; };
		7750AE4A202262890008C02C /* S2CellId.swift */ = {isa = PBXFileReference; fileEncoding = 4; lastKnownFileType = sourcecode.swift; name = S2CellId.swift; path = S2Geometry/S2CellId.swift; sourceTree = "<group>"; };
		7750AE4B202262890008C02C /* S2.swift */ = {isa = PBXFileReference; fileEncoding = 4; lastKnownFileType = sourcecode.swift; name = S2.swift; path = S2Geometry/S2.swift; sourceTree = "<group>"; };
		7750AE4C202262890008C02C /* S2CellUnion.swift */ = {isa = PBXFileReference; fileEncoding = 4; lastKnownFileType = sourcecode.swift; name = S2CellUnion.swift; path = S2Geometry/S2CellUnion.swift; sourceTree = "<group>"; };
		7750AE4D202262890008C02C /* S2Edge.swift */ = {isa = PBXFileReference; fileEncoding = 4; lastKnownFileType = sourcecode.swift; name = S2Edge.swift; path = S2Geometry/S2Edge.swift; sourceTree = "<group>"; };
		7750AE4E202262890008C02C /* S2Cap.swift */ = {isa = PBXFileReference; fileEncoding = 4; lastKnownFileType = sourcecode.swift; name = S2Cap.swift; path = S2Geometry/S2Cap.swift; sourceTree = "<group>"; };
		7750AE4F202262890008C02C /* S2EdgeUtil.swift */ = {isa = PBXFileReference; fileEncoding = 4; lastKnownFileType = sourcecode.swift; name = S2EdgeUtil.swift; path = S2Geometry/S2EdgeUtil.swift; sourceTree = "<group>"; };
		7750AE50202262890008C02C /* S2LatLng.swift */ = {isa = PBXFileReference; fileEncoding = 4; lastKnownFileType = sourcecode.swift; name = S2LatLng.swift; path = S2Geometry/S2LatLng.swift; sourceTree = "<group>"; };
		7750AE51202262890008C02C /* S2Loop.swift */ = {isa = PBXFileReference; fileEncoding = 4; lastKnownFileType = sourcecode.swift; name = S2Loop.swift; path = S2Geometry/S2Loop.swift; sourceTree = "<group>"; };
		7750AE52202262890008C02C /* S2Point.swift */ = {isa = PBXFileReference; fileEncoding = 4; lastKnownFileType = sourcecode.swift; name = S2Point.swift; path = S2Geometry/S2Point.swift; sourceTree = "<group>"; };
		7750AE53202262890008C02C /* S1Interval.swift */ = {isa = PBXFileReference; fileEncoding = 4; lastKnownFileType = sourcecode.swift; name = S1Interval.swift; path = S2Geometry/S1Interval.swift; sourceTree = "<group>"; };
		7750AE54202262890008C02C /* S2Projections.swift */ = {isa = PBXFileReference; fileEncoding = 4; lastKnownFileType = sourcecode.swift; name = S2Projections.swift; path = S2Geometry/S2Projections.swift; sourceTree = "<group>"; };
		7750AE55202262890008C02C /* S2RegionCoverer.swift */ = {isa = PBXFileReference; fileEncoding = 4; lastKnownFileType = sourcecode.swift; name = S2RegionCoverer.swift; path = S2Geometry/S2RegionCoverer.swift; sourceTree = "<group>"; };
		OBJ_34 /* R1IntervalTests.swift */ = {isa = PBXFileReference; lastKnownFileType = sourcecode.swift; path = R1IntervalTests.swift; sourceTree = "<group>"; };
		OBJ_35 /* S1AngleTests.swift */ = {isa = PBXFileReference; lastKnownFileType = sourcecode.swift; path = S1AngleTests.swift; sourceTree = "<group>"; };
		OBJ_36 /* S1IntervalTests.swift */ = {isa = PBXFileReference; lastKnownFileType = sourcecode.swift; path = S1IntervalTests.swift; sourceTree = "<group>"; };
		OBJ_37 /* S2CapTests.swift */ = {isa = PBXFileReference; lastKnownFileType = sourcecode.swift; path = S2CapTests.swift; sourceTree = "<group>"; };
		OBJ_38 /* S2CellIdTests.swift */ = {isa = PBXFileReference; lastKnownFileType = sourcecode.swift; path = S2CellIdTests.swift; sourceTree = "<group>"; };
		OBJ_39 /* S2CellTests.swift */ = {isa = PBXFileReference; lastKnownFileType = sourcecode.swift; path = S2CellTests.swift; sourceTree = "<group>"; };
		OBJ_40 /* S2LatLngTests.swift */ = {isa = PBXFileReference; lastKnownFileType = sourcecode.swift; path = S2LatLngTests.swift; sourceTree = "<group>"; };
		OBJ_41 /* S2LoopTests.swift */ = {isa = PBXFileReference; lastKnownFileType = sourcecode.swift; path = S2LoopTests.swift; sourceTree = "<group>"; };
		OBJ_42 /* Utilities.swift */ = {isa = PBXFileReference; lastKnownFileType = sourcecode.swift; path = Utilities.swift; sourceTree = "<group>"; };
		OBJ_44 /* S2Geometry.framework */ = {isa = PBXFileReference; explicitFileType = wrapper.framework; path = S2Geometry.framework; sourceTree = BUILT_PRODUCTS_DIR; };
		OBJ_45 /* S2GeometryTests.xctest */ = {isa = PBXFileReference; explicitFileType = wrapper.cfbundle; path = S2GeometryTests.xctest; sourceTree = BUILT_PRODUCTS_DIR; };
		OBJ_6 /* Package.swift */ = {isa = PBXFileReference; explicitFileType = sourcecode.swift; path = Package.swift; sourceTree = "<group>"; };
/* End PBXFileReference section */

/* Begin PBXFrameworksBuildPhase section */
		OBJ_74 /* Frameworks */ = {
			isa = PBXFrameworksBuildPhase;
			buildActionMask = 0;
			files = (
			);
			runOnlyForDeploymentPostprocessing = 0;
		};
		OBJ_89 /* Frameworks */ = {
			isa = PBXFrameworksBuildPhase;
			buildActionMask = 0;
			files = (
				OBJ_90 /* S2Geometry.framework in Frameworks */,
			);
			runOnlyForDeploymentPostprocessing = 0;
		};
/* End PBXFrameworksBuildPhase section */

/* Begin PBXGroup section */
		OBJ_32 /* Tests */ = {
			isa = PBXGroup;
			children = (
				OBJ_33 /* S2GeometryTests */,
			);
			path = Tests;
			sourceTree = "<group>";
		};
		OBJ_33 /* S2GeometryTests */ = {
			isa = PBXGroup;
			children = (
				OBJ_34 /* R1IntervalTests.swift */,
				OBJ_35 /* S1AngleTests.swift */,
				OBJ_36 /* S1IntervalTests.swift */,
				OBJ_37 /* S2CapTests.swift */,
				OBJ_38 /* S2CellIdTests.swift */,
				OBJ_39 /* S2CellTests.swift */,
				OBJ_40 /* S2LatLngTests.swift */,
				OBJ_41 /* S2LoopTests.swift */,
				OBJ_42 /* Utilities.swift */,
			);
			name = S2GeometryTests;
			path = Tests/S2GeometryTests;
			sourceTree = SOURCE_ROOT;
		};
		OBJ_43 /* Products */ = {
			isa = PBXGroup;
			children = (
				OBJ_44 /* S2Geometry.framework */,
				OBJ_45 /* S2GeometryTests.xctest */,
			);
			name = Products;
			sourceTree = BUILT_PRODUCTS_DIR;
		};
		OBJ_5 = {
			isa = PBXGroup;
			children = (
				OBJ_6 /* Package.swift */,
				OBJ_7 /* Sources */,
				OBJ_32 /* Tests */,
				OBJ_43 /* Products */,
			);
			sourceTree = "<group>";
		};
		OBJ_7 /* Sources */ = {
			isa = PBXGroup;
			children = (
				OBJ_8 /* S2Geometry */,
			);
			path = Sources;
			sourceTree = "<group>";
		};
		OBJ_8 /* S2Geometry */ = {
			isa = PBXGroup;
			children = (
				7750AE47202262890008C02C /* R1Interval.swift */,
				7750AE3F202262880008C02C /* R2Vector.swift */,
				7750AE43202262880008C02C /* S1Angle.swift */,
				7750AE53202262890008C02C /* S1Interval.swift */,
				7750AE4B202262890008C02C /* S2.swift */,
				7750AE50202262890008C02C /* S2LatLng.swift */,
				7750AE42202262880008C02C /* S2LatLngRect.swift */,
				7750AE52202262890008C02C /* S2Point.swift */,
				7750AE4E202262890008C02C /* S2Cap.swift */,
				7750AE54202262890008C02C /* S2Projections.swift */,
				7750AE46202262890008C02C /* S2Cell.swift */,
				7750AE4A202262890008C02C /* S2CellId.swift */,
				7750AE4C202262890008C02C /* S2CellUnion.swift */,
				7750AE51202262890008C02C /* S2Loop.swift */,
				7750AE4D202262890008C02C /* S2Edge.swift */,
				7750AE48202262890008C02C /* S2EdgeIndex.swift */,
				7750AE4F202262890008C02C /* S2EdgeUtil.swift */,
				7750AE45202262890008C02C /* S2Region.swift */,
				7750AE55202262890008C02C /* S2RegionCoverer.swift */,
			);
			name = S2Geometry;
			path = Sources;
			sourceTree = SOURCE_ROOT;
		};
/* End PBXGroup section */

/* Begin PBXNativeTarget section */
		OBJ_46 /* S2Geometry */ = {
			isa = PBXNativeTarget;
			buildConfigurationList = OBJ_47 /* Build configuration list for PBXNativeTarget "S2Geometry" */;
			buildPhases = (
				OBJ_50 /* Sources */,
				OBJ_74 /* Frameworks */,
			);
			buildRules = (
			);
			dependencies = (
			);
			name = S2Geometry;
			productName = S2Geometry;
			productReference = OBJ_44 /* S2Geometry.framework */;
			productType = "com.apple.product-type.framework";
		};
		OBJ_75 /* S2GeometryTests */ = {
			isa = PBXNativeTarget;
			buildConfigurationList = OBJ_76 /* Build configuration list for PBXNativeTarget "S2GeometryTests" */;
			buildPhases = (
				OBJ_79 /* Sources */,
				OBJ_89 /* Frameworks */,
			);
			buildRules = (
			);
			dependencies = (
				OBJ_91 /* PBXTargetDependency */,
			);
			name = S2GeometryTests;
			productName = S2GeometryTests;
			productReference = OBJ_45 /* S2GeometryTests.xctest */;
			productType = "com.apple.product-type.bundle.unit-test";
		};
/* End PBXNativeTarget section */

/* Begin PBXProject section */
		OBJ_1 /* Project object */ = {
			isa = PBXProject;
			attributes = {
				LastUpgradeCheck = 9999;
				TargetAttributes = {
					OBJ_46 = {
						LastSwiftMigration = 0920;
					};
					OBJ_75 = {
						LastSwiftMigration = 0920;
					};
				};
			};
			buildConfigurationList = OBJ_2 /* Build configuration list for PBXProject "S2Geometry" */;
			compatibilityVersion = "Xcode 3.2";
			developmentRegion = English;
			hasScannedForEncodings = 0;
			knownRegions = (
				en,
			);
			mainGroup = OBJ_5;
			productRefGroup = OBJ_43 /* Products */;
			projectDirPath = "";
			projectRoot = "";
			targets = (
				OBJ_46 /* S2Geometry */,
				OBJ_75 /* S2GeometryTests */,
			);
		};
/* End PBXProject section */

/* Begin PBXSourcesBuildPhase section */
		OBJ_50 /* Sources */ = {
			isa = PBXSourcesBuildPhase;
			buildActionMask = 0;
			files = (
				7750AE632022628A0008C02C /* S2CellUnion.swift in Sources */,
				7750AE6C2022628A0008C02C /* S2RegionCoverer.swift in Sources */,
				7750AE682022628A0008C02C /* S2Loop.swift in Sources */,
				7750AE672022628A0008C02C /* S2LatLng.swift in Sources */,
				7750AE5F2022628A0008C02C /* S2EdgeIndex.swift in Sources */,
				7750AE612022628A0008C02C /* S2CellId.swift in Sources */,
				7750AE5A2022628A0008C02C /* S1Angle.swift in Sources */,
				7750AE5C2022628A0008C02C /* S2Region.swift in Sources */,
				7750AE642022628A0008C02C /* S2Edge.swift in Sources */,
				7750AE5D2022628A0008C02C /* S2Cell.swift in Sources */,
				7750AE692022628A0008C02C /* S2Point.swift in Sources */,
				7750AE662022628A0008C02C /* S2EdgeUtil.swift in Sources */,
				7750AE592022628A0008C02C /* S2LatLngRect.swift in Sources */,
				7750AE562022628A0008C02C /* R2Vector.swift in Sources */,
				7750AE6B2022628A0008C02C /* S2Projections.swift in Sources */,
				7750AE6A2022628A0008C02C /* S1Interval.swift in Sources */,
				7750AE622022628A0008C02C /* S2.swift in Sources */,
				7750AE5E2022628A0008C02C /* R1Interval.swift in Sources */,
				7750AE652022628A0008C02C /* S2Cap.swift in Sources */,
			);
			runOnlyForDeploymentPostprocessing = 0;
		};
		OBJ_79 /* Sources */ = {
			isa = PBXSourcesBuildPhase;
			buildActionMask = 0;
			files = (
				OBJ_80 /* R1IntervalTests.swift in Sources */,
				OBJ_81 /* S1AngleTests.swift in Sources */,
				OBJ_82 /* S1IntervalTests.swift in Sources */,
				OBJ_83 /* S2CapTests.swift in Sources */,
				OBJ_84 /* S2CellIdTests.swift in Sources */,
				OBJ_85 /* S2CellTests.swift in Sources */,
				OBJ_86 /* S2LatLngTests.swift in Sources */,
				OBJ_87 /* S2LoopTests.swift in Sources */,
				OBJ_88 /* Utilities.swift in Sources */,
			);
			runOnlyForDeploymentPostprocessing = 0;
		};
/* End PBXSourcesBuildPhase section */

/* Begin PBXTargetDependency section */
		OBJ_91 /* PBXTargetDependency */ = {
			isa = PBXTargetDependency;
			target = OBJ_46 /* S2Geometry */;
			targetProxy = AA0AE0B71E317DD000A624B3 /* PBXContainerItemProxy */;
		};
/* End PBXTargetDependency section */

/* Begin XCBuildConfiguration section */
		OBJ_3 /* Debug */ = {
			isa = XCBuildConfiguration;
			buildSettings = {
				COMBINE_HIDPI_IMAGES = YES;
				COPY_PHASE_STRIP = NO;
				DEBUG_INFORMATION_FORMAT = dwarf;
				DYLIB_INSTALL_NAME_BASE = "@rpath";
				ENABLE_NS_ASSERTIONS = YES;
				GCC_OPTIMIZATION_LEVEL = 0;
				MACOSX_DEPLOYMENT_TARGET = 10.10;
				ONLY_ACTIVE_ARCH = YES;
				OTHER_SWIFT_FLAGS = "-DXcode";
				PRODUCT_NAME = "$(TARGET_NAME)";
				SDKROOT = macosx;
				SUPPORTED_PLATFORMS = "macosx iphoneos iphonesimulator appletvos appletvsimulator watchos watchsimulator";
				SWIFT_ACTIVE_COMPILATION_CONDITIONS = SWIFT_PACKAGE;
				SWIFT_OPTIMIZATION_LEVEL = "-Onone";
				SWIFT_VERSION = 3.0;
				USE_HEADERMAP = NO;
			};
			name = Debug;
		};
		OBJ_4 /* Release */ = {
			isa = XCBuildConfiguration;
			buildSettings = {
				COMBINE_HIDPI_IMAGES = YES;
				COPY_PHASE_STRIP = YES;
				DEBUG_INFORMATION_FORMAT = "dwarf-with-dsym";
				DYLIB_INSTALL_NAME_BASE = "@rpath";
				GCC_OPTIMIZATION_LEVEL = s;
				MACOSX_DEPLOYMENT_TARGET = 10.10;
				OTHER_SWIFT_FLAGS = "-DXcode";
				PRODUCT_NAME = "$(TARGET_NAME)";
				SDKROOT = macosx;
				SUPPORTED_PLATFORMS = "macosx iphoneos iphonesimulator appletvos appletvsimulator watchos watchsimulator";
				SWIFT_ACTIVE_COMPILATION_CONDITIONS = SWIFT_PACKAGE;
				SWIFT_OPTIMIZATION_LEVEL = "-O";
				SWIFT_VERSION = 3.0;
				USE_HEADERMAP = NO;
			};
			name = Release;
		};
		OBJ_48 /* Debug */ = {
			isa = XCBuildConfiguration;
			buildSettings = {
				CLANG_ENABLE_MODULES = YES;
				DEFINES_MODULE = YES;
				ENABLE_TESTABILITY = YES;
				FRAMEWORK_SEARCH_PATHS = (
					"$(inherited)",
					"$(PLATFORM_DIR)/Developer/Library/Frameworks",
				);
				HEADER_SEARCH_PATHS = "$(inherited)";
				INFOPLIST_FILE = S2Geometry.xcodeproj/S2Geometry_Info.plist;
				LD_RUNPATH_SEARCH_PATHS = "$(TOOLCHAIN_DIR)/usr/lib/swift/macosx";
				OTHER_LDFLAGS = "$(inherited)";
				OTHER_SWIFT_FLAGS = "$(inherited)";
				PRODUCT_BUNDLE_IDENTIFIER = S2Geometry;
				PRODUCT_MODULE_NAME = "$(TARGET_NAME:c99extidentifier)";
				PRODUCT_NAME = "$(TARGET_NAME:c99extidentifier)";
				SWIFT_OPTIMIZATION_LEVEL = "-Onone";
				SWIFT_SWIFT3_OBJC_INFERENCE = Default;
				SWIFT_VERSION = 4.0;
				TARGET_NAME = S2Geometry;
			};
			name = Debug;
		};
		OBJ_49 /* Release */ = {
			isa = XCBuildConfiguration;
			buildSettings = {
				CLANG_ENABLE_MODULES = YES;
				DEFINES_MODULE = YES;
				ENABLE_TESTABILITY = YES;
				FRAMEWORK_SEARCH_PATHS = (
					"$(inherited)",
					"$(PLATFORM_DIR)/Developer/Library/Frameworks",
				);
				HEADER_SEARCH_PATHS = "$(inherited)";
				INFOPLIST_FILE = S2Geometry.xcodeproj/S2Geometry_Info.plist;
				LD_RUNPATH_SEARCH_PATHS = "$(TOOLCHAIN_DIR)/usr/lib/swift/macosx";
				OTHER_LDFLAGS = "$(inherited)";
				OTHER_SWIFT_FLAGS = "$(inherited)";
				PRODUCT_BUNDLE_IDENTIFIER = S2Geometry;
				PRODUCT_MODULE_NAME = "$(TARGET_NAME:c99extidentifier)";
				PRODUCT_NAME = "$(TARGET_NAME:c99extidentifier)";
				SWIFT_SWIFT3_OBJC_INFERENCE = Default;
				SWIFT_VERSION = 4.0;
				TARGET_NAME = S2Geometry;
			};
			name = Release;
		};
		OBJ_77 /* Debug */ = {
			isa = XCBuildConfiguration;
			buildSettings = {
				ALWAYS_EMBED_SWIFT_STANDARD_LIBRARIES = YES;
				EMBEDDED_CONTENT_CONTAINS_SWIFT = YES;
				FRAMEWORK_SEARCH_PATHS = (
					"$(inherited)",
					"$(PLATFORM_DIR)/Developer/Library/Frameworks",
				);
				HEADER_SEARCH_PATHS = "$(inherited)";
				INFOPLIST_FILE = S2Geometry.xcodeproj/S2GeometryTests_Info.plist;
				LD_RUNPATH_SEARCH_PATHS = "@loader_path/../Frameworks";
				OTHER_LDFLAGS = "$(inherited)";
				OTHER_SWIFT_FLAGS = "$(inherited)";
				SWIFT_SWIFT3_OBJC_INFERENCE = Default;
				SWIFT_VERSION = 4.0;
				TARGET_NAME = S2GeometryTests;
			};
			name = Debug;
		};
		OBJ_78 /* Release */ = {
			isa = XCBuildConfiguration;
			buildSettings = {
				ALWAYS_EMBED_SWIFT_STANDARD_LIBRARIES = YES;
				EMBEDDED_CONTENT_CONTAINS_SWIFT = YES;
				FRAMEWORK_SEARCH_PATHS = (
					"$(inherited)",
					"$(PLATFORM_DIR)/Developer/Library/Frameworks",
				);
				HEADER_SEARCH_PATHS = "$(inherited)";
				INFOPLIST_FILE = S2Geometry.xcodeproj/S2GeometryTests_Info.plist;
				LD_RUNPATH_SEARCH_PATHS = "@loader_path/../Frameworks";
				OTHER_LDFLAGS = "$(inherited)";
				OTHER_SWIFT_FLAGS = "$(inherited)";
				SWIFT_SWIFT3_OBJC_INFERENCE = Default;
				SWIFT_VERSION = 4.0;
				TARGET_NAME = S2GeometryTests;
			};
			name = Release;
		};
/* End XCBuildConfiguration section */

/* Begin XCConfigurationList section */
		OBJ_2 /* Build configuration list for PBXProject "S2Geometry" */ = {
			isa = XCConfigurationList;
			buildConfigurations = (
				OBJ_3 /* Debug */,
				OBJ_4 /* Release */,
			);
			defaultConfigurationIsVisible = 0;
			defaultConfigurationName = Debug;
		};
		OBJ_47 /* Build configuration list for PBXNativeTarget "S2Geometry" */ = {
			isa = XCConfigurationList;
			buildConfigurations = (
				OBJ_48 /* Debug */,
				OBJ_49 /* Release */,
			);
			defaultConfigurationIsVisible = 0;
			defaultConfigurationName = Debug;
		};
		OBJ_76 /* Build configuration list for PBXNativeTarget "S2GeometryTests" */ = {
			isa = XCConfigurationList;
			buildConfigurations = (
				OBJ_77 /* Debug */,
				OBJ_78 /* Release */,
			);
			defaultConfigurationIsVisible = 0;
			defaultConfigurationName = Debug;
		};
/* End XCConfigurationList section */
	};
	rootObject = OBJ_1 /* Project object */;
}
